// !$*UTF8*$!
{
	archiveVersion = 1;
	classes = {
	};
	objectVersion = 46;
	objects = {

/* Begin PBXBuildFile section */
		C1AA78AC194C0F0100704F69 /* Foundation.framework in Frameworks */ = {isa = PBXBuildFile; fileRef = C1AA78AB194C0F0100704F69 /* Foundation.framework */; };
		C1AA78AE194C0F0100704F69 /* CoreGraphics.framework in Frameworks */ = {isa = PBXBuildFile; fileRef = C1AA78AD194C0F0100704F69 /* CoreGraphics.framework */; };
		C1AA78B0194C0F0100704F69 /* UIKit.framework in Frameworks */ = {isa = PBXBuildFile; fileRef = C1AA78AF194C0F0100704F69 /* UIKit.framework */; };
		C1AA78B6194C0F0100704F69 /* InfoPlist.strings in Resources */ = {isa = PBXBuildFile; fileRef = C1AA78B4194C0F0100704F69 /* InfoPlist.strings */; };
		C1AA78B8194C0F0100704F69 /* main.m in Sources */ = {isa = PBXBuildFile; fileRef = C1AA78B7194C0F0100704F69 /* main.m */; };
		C1AA78BC194C0F0100704F69 /* AppDelegate.m in Sources */ = {isa = PBXBuildFile; fileRef = C1AA78BB194C0F0100704F69 /* AppDelegate.m */; };
		C1AA78BF194C0F0100704F69 /* Main.storyboard in Resources */ = {isa = PBXBuildFile; fileRef = C1AA78BD194C0F0100704F69 /* Main.storyboard */; };
		C1AA78C2194C0F0100704F69 /* ViewController.m in Sources */ = {isa = PBXBuildFile; fileRef = C1AA78C1194C0F0100704F69 /* ViewController.m */; };
		C1AA78C4194C0F0100704F69 /* Images.xcassets in Resources */ = {isa = PBXBuildFile; fileRef = C1AA78C3194C0F0100704F69 /* Images.xcassets */; };
		C1AA78CB194C0F0100704F69 /* XCTest.framework in Frameworks */ = {isa = PBXBuildFile; fileRef = C1AA78CA194C0F0100704F69 /* XCTest.framework */; };
		C1AA78CC194C0F0100704F69 /* Foundation.framework in Frameworks */ = {isa = PBXBuildFile; fileRef = C1AA78AB194C0F0100704F69 /* Foundation.framework */; };
		C1AA78CD194C0F0100704F69 /* UIKit.framework in Frameworks */ = {isa = PBXBuildFile; fileRef = C1AA78AF194C0F0100704F69 /* UIKit.framework */; };
		C1AA78D5194C0F0100704F69 /* InfoPlist.strings in Resources */ = {isa = PBXBuildFile; fileRef = C1AA78D3194C0F0100704F69 /* InfoPlist.strings */; };
		C1AA78D7194C0F0100704F69 /* TsubuTests.m in Sources */ = {isa = PBXBuildFile; fileRef = C1AA78D6194C0F0100704F69 /* TsubuTests.m */; };
		C1AA78E2194C297500704F69 /* TimeLineTableViewController.m in Sources */ = {isa = PBXBuildFile; fileRef = C1AA78E1194C297500704F69 /* TimeLineTableViewController.m */; };
		C1AA78E5194C2BDE00704F69 /* TimeLineCell.m in Sources */ = {isa = PBXBuildFile; fileRef = C1AA78E4194C2BDE00704F69 /* TimeLineCell.m */; };
		C1AA78EB19541A1300704F69 /* DetailViewController.m in Sources */ = {isa = PBXBuildFile; fileRef = C1AA78EA19541A1300704F69 /* DetailViewController.m */; };
		C1AA78EE19541B9E00704F69 /* MyUIApplication.m in Sources */ = {isa = PBXBuildFile; fileRef = C1AA78ED19541B9E00704F69 /* MyUIApplication.m */; };
		C1AA78FD19553F6C00704F69 /* WebViewController.m in Sources */ = {isa = PBXBuildFile; fileRef = C1AA78FC19553F6C00704F69 /* WebViewController.m */; };
/* End PBXBuildFile section */

/* Begin PBXContainerItemProxy section */
		C1AA78CE194C0F0100704F69 /* PBXContainerItemProxy */ = {
			isa = PBXContainerItemProxy;
			containerPortal = C1AA78A0194C0F0100704F69 /* Project object */;
			proxyType = 1;
			remoteGlobalIDString = C1AA78A7194C0F0100704F69;
			remoteInfo = Tsubu;
		};
/* End PBXContainerItemProxy section */

/* Begin PBXFileReference section */
		C1AA78A8194C0F0100704F69 /* Tsubu.app */ = {isa = PBXFileReference; explicitFileType = wrapper.application; includeInIndex = 0; path = Tsubu.app; sourceTree = BUILT_PRODUCTS_DIR; };
		C1AA78AB194C0F0100704F69 /* Foundation.framework */ = {isa = PBXFileReference; lastKnownFileType = wrapper.framework; name = Foundation.framework; path = System/Library/Frameworks/Foundation.framework; sourceTree = SDKROOT; };
		C1AA78AD194C0F0100704F69 /* CoreGraphics.framework */ = {isa = PBXFileReference; lastKnownFileType = wrapper.framework; name = CoreGraphics.framework; path = System/Library/Frameworks/CoreGraphics.framework; sourceTree = SDKROOT; };
		C1AA78AF194C0F0100704F69 /* UIKit.framework */ = {isa = PBXFileReference; lastKnownFileType = wrapper.framework; name = UIKit.framework; path = System/Library/Frameworks/UIKit.framework; sourceTree = SDKROOT; };
		C1AA78B3194C0F0100704F69 /* Tsubu-Info.plist */ = {isa = PBXFileReference; lastKnownFileType = text.plist.xml; path = "Tsubu-Info.plist"; sourceTree = "<group>"; };
		C1AA78B5194C0F0100704F69 /* en */ = {isa = PBXFileReference; lastKnownFileType = text.plist.strings; name = en; path = en.lproj/InfoPlist.strings; sourceTree = "<group>"; };
		C1AA78B7194C0F0100704F69 /* main.m */ = {isa = PBXFileReference; lastKnownFileType = sourcecode.c.objc; path = main.m; sourceTree = "<group>"; };
		C1AA78B9194C0F0100704F69 /* Tsubu-Prefix.pch */ = {isa = PBXFileReference; lastKnownFileType = sourcecode.c.h; path = "Tsubu-Prefix.pch"; sourceTree = "<group>"; };
		C1AA78BA194C0F0100704F69 /* AppDelegate.h */ = {isa = PBXFileReference; lastKnownFileType = sourcecode.c.h; path = AppDelegate.h; sourceTree = "<group>"; };
		C1AA78BB194C0F0100704F69 /* AppDelegate.m */ = {isa = PBXFileReference; lastKnownFileType = sourcecode.c.objc; path = AppDelegate.m; sourceTree = "<group>"; };
		C1AA78BE194C0F0100704F69 /* Base */ = {isa = PBXFileReference; lastKnownFileType = file.storyboard; name = Base; path = Base.lproj/Main.storyboard; sourceTree = "<group>"; };
		C1AA78C0194C0F0100704F69 /* ViewController.h */ = {isa = PBXFileReference; lastKnownFileType = sourcecode.c.h; path = ViewController.h; sourceTree = "<group>"; };
		C1AA78C1194C0F0100704F69 /* ViewController.m */ = {isa = PBXFileReference; lastKnownFileType = sourcecode.c.objc; path = ViewController.m; sourceTree = "<group>"; };
		C1AA78C3194C0F0100704F69 /* Images.xcassets */ = {isa = PBXFileReference; lastKnownFileType = folder.assetcatalog; path = Images.xcassets; sourceTree = "<group>"; };
		C1AA78C9194C0F0100704F69 /* TsubuTests.xctest */ = {isa = PBXFileReference; explicitFileType = wrapper.cfbundle; includeInIndex = 0; path = TsubuTests.xctest; sourceTree = BUILT_PRODUCTS_DIR; };
		C1AA78CA194C0F0100704F69 /* XCTest.framework */ = {isa = PBXFileReference; lastKnownFileType = wrapper.framework; name = XCTest.framework; path = Library/Frameworks/XCTest.framework; sourceTree = DEVELOPER_DIR; };
		C1AA78D2194C0F0100704F69 /* TsubuTests-Info.plist */ = {isa = PBXFileReference; lastKnownFileType = text.plist.xml; path = "TsubuTests-Info.plist"; sourceTree = "<group>"; };
		C1AA78D4194C0F0100704F69 /* en */ = {isa = PBXFileReference; lastKnownFileType = text.plist.strings; name = en; path = en.lproj/InfoPlist.strings; sourceTree = "<group>"; };
		C1AA78D6194C0F0100704F69 /* TsubuTests.m */ = {isa = PBXFileReference; lastKnownFileType = sourcecode.c.objc; path = TsubuTests.m; sourceTree = "<group>"; };
		C1AA78E0194C297500704F69 /* TimeLineTableViewController.h */ = {isa = PBXFileReference; fileEncoding = 4; lastKnownFileType = sourcecode.c.h; path = TimeLineTableViewController.h; sourceTree = "<group>"; };
		C1AA78E1194C297500704F69 /* TimeLineTableViewController.m */ = {isa = PBXFileReference; fileEncoding = 4; lastKnownFileType = sourcecode.c.objc; path = TimeLineTableViewController.m; sourceTree = "<group>"; };
		C1AA78E3194C2BDE00704F69 /* TimeLineCell.h */ = {isa = PBXFileReference; fileEncoding = 4; lastKnownFileType = sourcecode.c.h; path = TimeLineCell.h; sourceTree = "<group>"; };
		C1AA78E4194C2BDE00704F69 /* TimeLineCell.m */ = {isa = PBXFileReference; fileEncoding = 4; lastKnownFileType = sourcecode.c.objc; path = TimeLineCell.m; sourceTree = "<group>"; };
		C1AA78E919541A1300704F69 /* DetailViewController.h */ = {isa = PBXFileReference; fileEncoding = 4; lastKnownFileType = sourcecode.c.h; path = DetailViewController.h; sourceTree = "<group>"; };
		C1AA78EA19541A1300704F69 /* DetailViewController.m */ = {isa = PBXFileReference; fileEncoding = 4; lastKnownFileType = sourcecode.c.objc; path = DetailViewController.m; sourceTree = "<group>"; };
		C1AA78EC19541B9E00704F69 /* MyUIApplication.h */ = {isa = PBXFileReference; fileEncoding = 4; lastKnownFileType = sourcecode.c.h; path = MyUIApplication.h; sourceTree = "<group>"; };
		C1AA78ED19541B9E00704F69 /* MyUIApplication.m */ = {isa = PBXFileReference; fileEncoding = 4; lastKnownFileType = sourcecode.c.objc; path = MyUIApplication.m; sourceTree = "<group>"; };
		C1AA78FB19553F6C00704F69 /* WebViewController.h */ = {isa = PBXFileReference; fileEncoding = 4; lastKnownFileType = sourcecode.c.h; path = WebViewController.h; sourceTree = "<group>"; };
		C1AA78FC19553F6C00704F69 /* WebViewController.m */ = {isa = PBXFileReference; fileEncoding = 4; lastKnownFileType = sourcecode.c.objc; path = WebViewController.m; sourceTree = "<group>"; };
/* End PBXFileReference section */

/* Begin PBXFrameworksBuildPhase section */
		C1AA78A5194C0F0100704F69 /* Frameworks */ = {
			isa = PBXFrameworksBuildPhase;
			buildActionMask = 2147483647;
			files = (
				C1AA78AE194C0F0100704F69 /* CoreGraphics.framework in Frameworks */,
				C1AA78B0194C0F0100704F69 /* UIKit.framework in Frameworks */,
				C1AA78AC194C0F0100704F69 /* Foundation.framework in Frameworks */,
			);
			runOnlyForDeploymentPostprocessing = 0;
		};
		C1AA78C6194C0F0100704F69 /* Frameworks */ = {
			isa = PBXFrameworksBuildPhase;
			buildActionMask = 2147483647;
			files = (
				C1AA78CB194C0F0100704F69 /* XCTest.framework in Frameworks */,
				C1AA78CD194C0F0100704F69 /* UIKit.framework in Frameworks */,
				C1AA78CC194C0F0100704F69 /* Foundation.framework in Frameworks */,
			);
			runOnlyForDeploymentPostprocessing = 0;
		};
/* End PBXFrameworksBuildPhase section */

/* Begin PBXGroup section */
		C1AA789F194C0F0100704F69 = {
			isa = PBXGroup;
			children = (
				C1AA78B1194C0F0100704F69 /* Tsubu */,
				C1AA78D0194C0F0100704F69 /* TsubuTests */,
				C1AA78AA194C0F0100704F69 /* Frameworks */,
				C1AA78A9194C0F0100704F69 /* Products */,
			);
			sourceTree = "<group>";
		};
		C1AA78A9194C0F0100704F69 /* Products */ = {
			isa = PBXGroup;
			children = (
				C1AA78A8194C0F0100704F69 /* Tsubu.app */,
				C1AA78C9194C0F0100704F69 /* TsubuTests.xctest */,
			);
			name = Products;
			sourceTree = "<group>";
		};
		C1AA78AA194C0F0100704F69 /* Frameworks */ = {
			isa = PBXGroup;
			children = (
				C1AA78AB194C0F0100704F69 /* Foundation.framework */,
				C1AA78AD194C0F0100704F69 /* CoreGraphics.framework */,
				C1AA78AF194C0F0100704F69 /* UIKit.framework */,
				C1AA78CA194C0F0100704F69 /* XCTest.framework */,
			);
			name = Frameworks;
			sourceTree = "<group>";
		};
		C1AA78B1194C0F0100704F69 /* Tsubu */ = {
			isa = PBXGroup;
			children = (
				C1AA78BA194C0F0100704F69 /* AppDelegate.h */,
				C1AA78BB194C0F0100704F69 /* AppDelegate.m */,
				C1AA78BD194C0F0100704F69 /* Main.storyboard */,
				C1AA78C0194C0F0100704F69 /* ViewController.h */,
				C1AA78C1194C0F0100704F69 /* ViewController.m */,
				C1AA78C3194C0F0100704F69 /* Images.xcassets */,
				C1AA78B2194C0F0100704F69 /* Supporting Files */,
				C1AA78E0194C297500704F69 /* TimeLineTableViewController.h */,
				C1AA78E1194C297500704F69 /* TimeLineTableViewController.m */,
				C1AA78E3194C2BDE00704F69 /* TimeLineCell.h */,
				C1AA78E4194C2BDE00704F69 /* TimeLineCell.m */,
				C1AA78E919541A1300704F69 /* DetailViewController.h */,
				C1AA78EA19541A1300704F69 /* DetailViewController.m */,
				C1AA78EC19541B9E00704F69 /* MyUIApplication.h */,
				C1AA78ED19541B9E00704F69 /* MyUIApplication.m */,
				C1AA78FB19553F6C00704F69 /* WebViewController.h */,
				C1AA78FC19553F6C00704F69 /* WebViewController.m */,
			);
			path = Tsubu;
			sourceTree = "<group>";
		};
		C1AA78B2194C0F0100704F69 /* Supporting Files */ = {
			isa = PBXGroup;
			children = (
				C1AA78B3194C0F0100704F69 /* Tsubu-Info.plist */,
				C1AA78B4194C0F0100704F69 /* InfoPlist.strings */,
				C1AA78B7194C0F0100704F69 /* main.m */,
				C1AA78B9194C0F0100704F69 /* Tsubu-Prefix.pch */,
			);
			name = "Supporting Files";
			sourceTree = "<group>";
		};
		C1AA78D0194C0F0100704F69 /* TsubuTests */ = {
			isa = PBXGroup;
			children = (
				C1AA78D6194C0F0100704F69 /* TsubuTests.m */,
				C1AA78D1194C0F0100704F69 /* Supporting Files */,
			);
			path = TsubuTests;
			sourceTree = "<group>";
		};
		C1AA78D1194C0F0100704F69 /* Supporting Files */ = {
			isa = PBXGroup;
			children = (
				C1AA78D2194C0F0100704F69 /* TsubuTests-Info.plist */,
				C1AA78D3194C0F0100704F69 /* InfoPlist.strings */,
			);
			name = "Supporting Files";
			sourceTree = "<group>";
		};
/* End PBXGroup section */

/* Begin PBXNativeTarget section */
		C1AA78A7194C0F0100704F69 /* Tsubu */ = {
			isa = PBXNativeTarget;
			buildConfigurationList = C1AA78DA194C0F0100704F69 /* Build configuration list for PBXNativeTarget "Tsubu" */;
			buildPhases = (
				C1AA78A4194C0F0100704F69 /* Sources */,
				C1AA78A5194C0F0100704F69 /* Frameworks */,
				C1AA78A6194C0F0100704F69 /* Resources */,
			);
			buildRules = (
			);
			dependencies = (
			);
			name = Tsubu;
			productName = Tsubu;
			productReference = C1AA78A8194C0F0100704F69 /* Tsubu.app */;
			productType = "com.apple.product-type.application";
		};
		C1AA78C8194C0F0100704F69 /* TsubuTests */ = {
			isa = PBXNativeTarget;
			buildConfigurationList = C1AA78DD194C0F0100704F69 /* Build configuration list for PBXNativeTarget "TsubuTests" */;
			buildPhases = (
				C1AA78C5194C0F0100704F69 /* Sources */,
				C1AA78C6194C0F0100704F69 /* Frameworks */,
				C1AA78C7194C0F0100704F69 /* Resources */,
			);
			buildRules = (
			);
			dependencies = (
				C1AA78CF194C0F0100704F69 /* PBXTargetDependency */,
			);
			name = TsubuTests;
			productName = TsubuTests;
			productReference = C1AA78C9194C0F0100704F69 /* TsubuTests.xctest */;
			productType = "com.apple.product-type.bundle.unit-test";
		};
/* End PBXNativeTarget section */

/* Begin PBXProject section */
		C1AA78A0194C0F0100704F69 /* Project object */ = {
			isa = PBXProject;
			attributes = {
				LastUpgradeCheck = 0510;
				ORGANIZATIONNAME = "丸川大輝";
				TargetAttributes = {
					C1AA78C8194C0F0100704F69 = {
						TestTargetID = C1AA78A7194C0F0100704F69;
					};
				};
			};
			buildConfigurationList = C1AA78A3194C0F0100704F69 /* Build configuration list for PBXProject "Tsubu" */;
			compatibilityVersion = "Xcode 3.2";
			developmentRegion = English;
			hasScannedForEncodings = 0;
			knownRegions = (
				en,
				Base,
			);
			mainGroup = C1AA789F194C0F0100704F69;
			productRefGroup = C1AA78A9194C0F0100704F69 /* Products */;
			projectDirPath = "";
			projectRoot = "";
			targets = (
				C1AA78A7194C0F0100704F69 /* Tsubu */,
				C1AA78C8194C0F0100704F69 /* TsubuTests */,
			);
		};
/* End PBXProject section */

/* Begin PBXResourcesBuildPhase section */
		C1AA78A6194C0F0100704F69 /* Resources */ = {
			isa = PBXResourcesBuildPhase;
			buildActionMask = 2147483647;
			files = (
				C1AA78C4194C0F0100704F69 /* Images.xcassets in Resources */,
				C1AA78B6194C0F0100704F69 /* InfoPlist.strings in Resources */,
				C1AA78BF194C0F0100704F69 /* Main.storyboard in Resources */,
			);
			runOnlyForDeploymentPostprocessing = 0;
		};
		C1AA78C7194C0F0100704F69 /* Resources */ = {
			isa = PBXResourcesBuildPhase;
			buildActionMask = 2147483647;
			files = (
				C1AA78D5194C0F0100704F69 /* InfoPlist.strings in Resources */,
			);
			runOnlyForDeploymentPostprocessing = 0;
		};
/* End PBXResourcesBuildPhase section */

/* Begin PBXSourcesBuildPhase section */
		C1AA78A4194C0F0100704F69 /* Sources */ = {
			isa = PBXSourcesBuildPhase;
			buildActionMask = 2147483647;
			files = (
				C1AA78E5194C2BDE00704F69 /* TimeLineCell.m in Sources */,
				C1AA78C2194C0F0100704F69 /* ViewController.m in Sources */,
				C1AA78BC194C0F0100704F69 /* AppDelegate.m in Sources */,
				C1AA78E2194C297500704F69 /* TimeLineTableViewController.m in Sources */,
				C1AA78FD19553F6C00704F69 /* WebViewController.m in Sources */,
				C1AA78EE19541B9E00704F69 /* MyUIApplication.m in Sources */,
				C1AA78B8194C0F0100704F69 /* main.m in Sources */,
				C1AA78EB19541A1300704F69 /* DetailViewController.m in Sources */,
			);
			runOnlyForDeploymentPostprocessing = 0;
		};
		C1AA78C5194C0F0100704F69 /* Sources */ = {
			isa = PBXSourcesBuildPhase;
			buildActionMask = 2147483647;
			files = (
				C1AA78D7194C0F0100704F69 /* TsubuTests.m in Sources */,
			);
			runOnlyForDeploymentPostprocessing = 0;
		};
/* End PBXSourcesBuildPhase section */

/* Begin PBXTargetDependency section */
		C1AA78CF194C0F0100704F69 /* PBXTargetDependency */ = {
			isa = PBXTargetDependency;
			target = C1AA78A7194C0F0100704F69 /* Tsubu */;
			targetProxy = C1AA78CE194C0F0100704F69 /* PBXContainerItemProxy */;
		};
/* End PBXTargetDependency section */

/* Begin PBXVariantGroup section */
		C1AA78B4194C0F0100704F69 /* InfoPlist.strings */ = {
			isa = PBXVariantGroup;
			children = (
				C1AA78B5194C0F0100704F69 /* en */,
			);
			name = InfoPlist.strings;
			sourceTree = "<group>";
		};
		C1AA78BD194C0F0100704F69 /* Main.storyboard */ = {
			isa = PBXVariantGroup;
			children = (
				C1AA78BE194C0F0100704F69 /* Base */,
			);
			name = Main.storyboard;
			sourceTree = "<group>";
		};
		C1AA78D3194C0F0100704F69 /* InfoPlist.strings */ = {
			isa = PBXVariantGroup;
			children = (
				C1AA78D4194C0F0100704F69 /* en */,
			);
			name = InfoPlist.strings;
			sourceTree = "<group>";
		};
/* End PBXVariantGroup section */

/* Begin XCBuildConfiguration section */
		C1AA78D8194C0F0100704F69 /* Debug */ = {
			isa = XCBuildConfiguration;
			buildSettings = {
				ALWAYS_SEARCH_USER_PATHS = NO;
				CLANG_CXX_LANGUAGE_STANDARD = "gnu++0x";
				CLANG_CXX_LIBRARY = "libc++";
				CLANG_ENABLE_MODULES = YES;
				CLANG_ENABLE_OBJC_ARC = YES;
				CLANG_WARN_BOOL_CONVERSION = YES;
				CLANG_WARN_CONSTANT_CONVERSION = YES;
				CLANG_WARN_DIRECT_OBJC_ISA_USAGE = YES_ERROR;
				CLANG_WARN_EMPTY_BODY = YES;
				CLANG_WARN_ENUM_CONVERSION = YES;
				CLANG_WARN_INT_CONVERSION = YES;
				CLANG_WARN_OBJC_ROOT_CLASS = YES_ERROR;
				CLANG_WARN__DUPLICATE_METHOD_MATCH = YES;
				"CODE_SIGN_IDENTITY[sdk=iphoneos*]" = "iPhone Developer";
				COPY_PHASE_STRIP = NO;
				GCC_C_LANGUAGE_STANDARD = gnu99;
				GCC_DYNAMIC_NO_PIC = NO;
				GCC_OPTIMIZATION_LEVEL = 0;
				GCC_PREPROCESSOR_DEFINITIONS = (
					"DEBUG=1",
					"$(inherited)",
				);
				GCC_SYMBOLS_PRIVATE_EXTERN = NO;
				GCC_WARN_64_TO_32_BIT_CONVERSION = YES;
				GCC_WARN_ABOUT_RETURN_TYPE = YES_ERROR;
				GCC_WARN_UNDECLARED_SELECTOR = YES;
				GCC_WARN_UNINITIALIZED_AUTOS = YES_AGGRESSIVE;
				GCC_WARN_UNUSED_FUNCTION = YES;
				GCC_WARN_UNUSED_VARIABLE = YES;
				IPHONEOS_DEPLOYMENT_TARGET = 7.1;
				ONLY_ACTIVE_ARCH = YES;
				SDKROOT = iphoneos;
			};
			name = Debug;
		};
		C1AA78D9194C0F0100704F69 /* Release */ = {
			isa = XCBuildConfiguration;
			buildSettings = {
				ALWAYS_SEARCH_USER_PATHS = NO;
				CLANG_CXX_LANGUAGE_STANDARD = "gnu++0x";
				CLANG_CXX_LIBRARY = "libc++";
				CLANG_ENABLE_MODULES = YES;
				CLANG_ENABLE_OBJC_ARC = YES;
				CLANG_WARN_BOOL_CONVERSION = YES;
				CLANG_WARN_CONSTANT_CONVERSION = YES;
				CLANG_WARN_DIRECT_OBJC_ISA_USAGE = YES_ERROR;
				CLANG_WARN_EMPTY_BODY = YES;
				CLANG_WARN_ENUM_CONVERSION = YES;
				CLANG_WARN_INT_CONVERSION = YES;
				CLANG_WARN_OBJC_ROOT_CLASS = YES_ERROR;
				CLANG_WARN__DUPLICATE_METHOD_MATCH = YES;
				"CODE_SIGN_IDENTITY[sdk=iphoneos*]" = "iPhone Developer";
				COPY_PHASE_STRIP = YES;
				ENABLE_NS_ASSERTIONS = NO;
				GCC_C_LANGUAGE_STANDARD = gnu99;
				GCC_WARN_64_TO_32_BIT_CONVERSION = YES;
				GCC_WARN_ABOUT_RETURN_TYPE = YES_ERROR;
				GCC_WARN_UNDECLARED_SELECTOR = YES;
				GCC_WARN_UNINITIALIZED_AUTOS = YES_AGGRESSIVE;
				GCC_WARN_UNUSED_FUNCTION = YES;
				GCC_WARN_UNUSED_VARIABLE = YES;
				IPHONEOS_DEPLOYMENT_TARGET = 7.1;
				SDKROOT = iphoneos;
				VALIDATE_PRODUCT = YES;
			};
			name = Release;
		};
		C1AA78DB194C0F0100704F69 /* Debug */ = {
			isa = XCBuildConfiguration;
			buildSettings = {
				ASSETCATALOG_COMPILER_APPICON_NAME = AppIcon;
				ASSETCATALOG_COMPILER_LAUNCHIMAGE_NAME = LaunchImage;
				GCC_PRECOMPILE_PREFIX_HEADER = YES;
				GCC_PREFIX_HEADER = "Tsubu/Tsubu-Prefix.pch";
				INFOPLIST_FILE = "Tsubu/Tsubu-Info.plist";
				PRODUCT_NAME = "$(TARGET_NAME)";
				WRAPPER_EXTENSION = app;
			};
			name = Debug;
		};
		C1AA78DC194C0F0100704F69 /* Release */ = {
			isa = XCBuildConfiguration;
			buildSettings = {
				ASSETCATALOG_COMPILER_APPICON_NAME = AppIcon;
				ASSETCATALOG_COMPILER_LAUNCHIMAGE_NAME = LaunchImage;
				GCC_PRECOMPILE_PREFIX_HEADER = YES;
				GCC_PREFIX_HEADER = "Tsubu/Tsubu-Prefix.pch";
				INFOPLIST_FILE = "Tsubu/Tsubu-Info.plist";
				PRODUCT_NAME = "$(TARGET_NAME)";
				WRAPPER_EXTENSION = app;
			};
			name = Release;
		};
		C1AA78DE194C0F0100704F69 /* Debug */ = {
			isa = XCBuildConfiguration;
			buildSettings = {
				BUNDLE_LOADER = "$(BUILT_PRODUCTS_DIR)/Tsubu.app/Tsubu";
				FRAMEWORK_SEARCH_PATHS = (
					"$(SDKROOT)/Developer/Library/Frameworks",
					"$(inherited)",
					"$(DEVELOPER_FRAMEWORKS_DIR)",
				);
				GCC_PRECOMPILE_PREFIX_HEADER = YES;
				GCC_PREFIX_HEADER = "Tsubu/Tsubu-Prefix.pch";
				GCC_PREPROCESSOR_DEFINITIONS = (
					"DEBUG=1",
					"$(inherited)",
				);
				INFOPLIST_FILE = "TsubuTests/TsubuTests-Info.plist";
				PRODUCT_NAME = "$(TARGET_NAME)";
				TEST_HOST = "$(BUNDLE_LOADER)";
				WRAPPER_EXTENSION = xctest;
			};
			name = Debug;
		};
		C1AA78DF194C0F0100704F69 /* Release */ = {
			isa = XCBuildConfiguration;
			buildSettings = {
				BUNDLE_LOADER = "$(BUILT_PRODUCTS_DIR)/Tsubu.app/Tsubu";
				FRAMEWORK_SEARCH_PATHS = (
					"$(SDKROOT)/Developer/Library/Frameworks",
					"$(inherited)",
					"$(DEVELOPER_FRAMEWORKS_DIR)",
				);
				GCC_PRECOMPILE_PREFIX_HEADER = YES;
				GCC_PREFIX_HEADER = "Tsubu/Tsubu-Prefix.pch";
				INFOPLIST_FILE = "TsubuTests/TsubuTests-Info.plist";
				PRODUCT_NAME = "$(TARGET_NAME)";
				TEST_HOST = "$(BUNDLE_LOADER)";
				WRAPPER_EXTENSION = xctest;
			};
			name = Release;
		};
/* End XCBuildConfiguration section */

/* Begin XCConfigurationList section */
		C1AA78A3194C0F0100704F69 /* Build configuration list for PBXProject "Tsubu" */ = {
			isa = XCConfigurationList;
			buildConfigurations = (
				C1AA78D8194C0F0100704F69 /* Debug */,
				C1AA78D9194C0F0100704F69 /* Release */,
			);
			defaultConfigurationIsVisible = 0;
			defaultConfigurationName = Release;
		};
		C1AA78DA194C0F0100704F69 /* Build configuration list for PBXNativeTarget "Tsubu" */ = {
			isa = XCConfigurationList;
			buildConfigurations = (
				C1AA78DB194C0F0100704F69 /* Debug */,
				C1AA78DC194C0F0100704F69 /* Release */,
			);
			defaultConfigurationIsVisible = 0;
			defaultConfigurationName = Release;
		};
		C1AA78DD194C0F0100704F69 /* Build configuration list for PBXNativeTarget "TsubuTests" */ = {
			isa = XCConfigurationList;
			buildConfigurations = (
				C1AA78DE194C0F0100704F69 /* Debug */,
				C1AA78DF194C0F0100704F69 /* Release */,
			);
			defaultConfigurationIsVisible = 0;
			defaultConfigurationName = Release;
		};
/* End XCConfigurationList section */
	};
	rootObject = C1AA78A0194C0F0100704F69 /* Project object */;
}
